// !$*UTF8*$!
{
	archiveVersion = 1;
	classes = {
	};
	objectVersion = 46;
	objects = {

/* Begin PBXBuildFile section */
		10B7EE5D1BFAB95000F1EA9F /* main.m in Sources */ = {isa = PBXBuildFile; fileRef = 10B7EE5C1BFAB95000F1EA9F /* main.m */; };
		10B7EE601BFAB95000F1EA9F /* AppDelegate.m in Sources */ = {isa = PBXBuildFile; fileRef = 10B7EE5F1BFAB95000F1EA9F /* AppDelegate.m */; };
		10B7EE631BFAB95000F1EA9F /* ViewController.m in Sources */ = {isa = PBXBuildFile; fileRef = 10B7EE621BFAB95000F1EA9F /* ViewController.m */; };
		10B7EE661BFAB95000F1EA9F /* Main.storyboard in Resources */ = {isa = PBXBuildFile; fileRef = 10B7EE641BFAB95000F1EA9F /* Main.storyboard */; };
		10B7EE681BFAB95000F1EA9F /* Assets.xcassets in Resources */ = {isa = PBXBuildFile; fileRef = 10B7EE671BFAB95000F1EA9F /* Assets.xcassets */; };
		10B7EE6B1BFAB95000F1EA9F /* LaunchScreen.storyboard in Resources */ = {isa = PBXBuildFile; fileRef = 10B7EE691BFAB95000F1EA9F /* LaunchScreen.storyboard */; };
		10B7EE761BFAB95000F1EA9F /* CoreDataTests.m in Sources */ = {isa = PBXBuildFile; fileRef = 10B7EE751BFAB95000F1EA9F /* CoreDataTests.m */; };
		10B7EE811BFAB95000F1EA9F /* CoreDataUITests.m in Sources */ = {isa = PBXBuildFile; fileRef = 10B7EE801BFAB95000F1EA9F /* CoreDataUITests.m */; };
		10B7EE8F1BFAB96D00F1EA9F /* CoreData.framework in Frameworks */ = {isa = PBXBuildFile; fileRef = 10B7EE8E1BFAB96D00F1EA9F /* CoreData.framework */; };
		10B7EE921BFAB99000F1EA9F /* Person.xcdatamodeld in Sources */ = {isa = PBXBuildFile; fileRef = 10B7EE901BFAB99000F1EA9F /* Person.xcdatamodeld */; };
		10B7EE971BFABC6700F1EA9F /* Person+CoreDataProperties.m in Sources */ = {isa = PBXBuildFile; fileRef = 10B7EE941BFABC6700F1EA9F /* Person+CoreDataProperties.m */; };
		10B7EE981BFABC6700F1EA9F /* Person.m in Sources */ = {isa = PBXBuildFile; fileRef = 10B7EE961BFABC6700F1EA9F /* Person.m */; };
/* End PBXBuildFile section */

/* Begin PBXContainerItemProxy section */
		10B7EE721BFAB95000F1EA9F /* PBXContainerItemProxy */ = {
			isa = PBXContainerItemProxy;
			containerPortal = 10B7EE501BFAB95000F1EA9F /* Project object */;
			proxyType = 1;
			remoteGlobalIDString = 10B7EE571BFAB95000F1EA9F;
			remoteInfo = CoreData;
		};
		10B7EE7D1BFAB95000F1EA9F /* PBXContainerItemProxy */ = {
			isa = PBXContainerItemProxy;
			containerPortal = 10B7EE501BFAB95000F1EA9F /* Project object */;
			proxyType = 1;
			remoteGlobalIDString = 10B7EE571BFAB95000F1EA9F;
			remoteInfo = CoreData;
		};
/* End PBXContainerItemProxy section */

/* Begin PBXFileReference section */
		10B7EE581BFAB95000F1EA9F /* CoreData.app */ = {isa = PBXFileReference; explicitFileType = wrapper.application; includeInIndex = 0; path = CoreData.app; sourceTree = BUILT_PRODUCTS_DIR; };
		10B7EE5C1BFAB95000F1EA9F /* main.m */ = {isa = PBXFileReference; lastKnownFileType = sourcecode.c.objc; path = main.m; sourceTree = "<group>"; };
		10B7EE5E1BFAB95000F1EA9F /* AppDelegate.h */ = {isa = PBXFileReference; lastKnownFileType = sourcecode.c.h; path = AppDelegate.h; sourceTree = "<group>"; };
		10B7EE5F1BFAB95000F1EA9F /* AppDelegate.m */ = {isa = PBXFileReference; lastKnownFileType = sourcecode.c.objc; path = AppDelegate.m; sourceTree = "<group>"; };
		10B7EE611BFAB95000F1EA9F /* ViewController.h */ = {isa = PBXFileReference; lastKnownFileType = sourcecode.c.h; path = ViewController.h; sourceTree = "<group>"; };
		10B7EE621BFAB95000F1EA9F /* ViewController.m */ = {isa = PBXFileReference; lastKnownFileType = sourcecode.c.objc; path = ViewController.m; sourceTree = "<group>"; };
		10B7EE651BFAB95000F1EA9F /* Base */ = {isa = PBXFileReference; lastKnownFileType = file.storyboard; name = Base; path = Base.lproj/Main.storyboard; sourceTree = "<group>"; };
		10B7EE671BFAB95000F1EA9F /* Assets.xcassets */ = {isa = PBXFileReference; lastKnownFileType = folder.assetcatalog; path = Assets.xcassets; sourceTree = "<group>"; };
		10B7EE6A1BFAB95000F1EA9F /* Base */ = {isa = PBXFileReference; lastKnownFileType = file.storyboard; name = Base; path = Base.lproj/LaunchScreen.storyboard; sourceTree = "<group>"; };
		10B7EE6C1BFAB95000F1EA9F /* Info.plist */ = {isa = PBXFileReference; lastKnownFileType = text.plist.xml; path = Info.plist; sourceTree = "<group>"; };
		10B7EE711BFAB95000F1EA9F /* CoreDataTests.xctest */ = {isa = PBXFileReference; explicitFileType = wrapper.cfbundle; includeInIndex = 0; path = CoreDataTests.xctest; sourceTree = BUILT_PRODUCTS_DIR; };
		10B7EE751BFAB95000F1EA9F /* CoreDataTests.m */ = {isa = PBXFileReference; lastKnownFileType = sourcecode.c.objc; path = CoreDataTests.m; sourceTree = "<group>"; };
		10B7EE771BFAB95000F1EA9F /* Info.plist */ = {isa = PBXFileReference; lastKnownFileType = text.plist.xml; path = Info.plist; sourceTree = "<group>"; };
		10B7EE7C1BFAB95000F1EA9F /* CoreDataUITests.xctest */ = {isa = PBXFileReference; explicitFileType = wrapper.cfbundle; includeInIndex = 0; path = CoreDataUITests.xctest; sourceTree = BUILT_PRODUCTS_DIR; };
		10B7EE801BFAB95000F1EA9F /* CoreDataUITests.m */ = {isa = PBXFileReference; lastKnownFileType = sourcecode.c.objc; path = CoreDataUITests.m; sourceTree = "<group>"; };
		10B7EE821BFAB95000F1EA9F /* Info.plist */ = {isa = PBXFileReference; lastKnownFileType = text.plist.xml; path = Info.plist; sourceTree = "<group>"; };
		10B7EE8E1BFAB96D00F1EA9F /* CoreData.framework */ = {isa = PBXFileReference; lastKnownFileType = wrapper.framework; name = CoreData.framework; path = System/Library/Frameworks/CoreData.framework; sourceTree = SDKROOT; };
		10B7EE911BFAB99000F1EA9F /* Person.xcdatamodel */ = {isa = PBXFileReference; lastKnownFileType = wrapper.xcdatamodel; path = Person.xcdatamodel; sourceTree = "<group>"; };
		10B7EE931BFABC6700F1EA9F /* Person+CoreDataProperties.h */ = {isa = PBXFileReference; fileEncoding = 4; lastKnownFileType = sourcecode.c.h; path = "Person+CoreDataProperties.h"; sourceTree = "<group>"; };
		10B7EE941BFABC6700F1EA9F /* Person+CoreDataProperties.m */ = {isa = PBXFileReference; fileEncoding = 4; lastKnownFileType = sourcecode.c.objc; path = "Person+CoreDataProperties.m"; sourceTree = "<group>"; };
		10B7EE951BFABC6700F1EA9F /* Person.h */ = {isa = PBXFileReference; fileEncoding = 4; lastKnownFileType = sourcecode.c.h; path = Person.h; sourceTree = "<group>"; };
		10B7EE961BFABC6700F1EA9F /* Person.m */ = {isa = PBXFileReference; fileEncoding = 4; lastKnownFileType = sourcecode.c.objc; path = Person.m; sourceTree = "<group>"; };
/* End PBXFileReference section */

/* Begin PBXFrameworksBuildPhase section */
		10B7EE551BFAB95000F1EA9F /* Frameworks */ = {
			isa = PBXFrameworksBuildPhase;
			buildActionMask = 2147483647;
			files = (
				10B7EE8F1BFAB96D00F1EA9F /* CoreData.framework in Frameworks */,
			);
			runOnlyForDeploymentPostprocessing = 0;
		};
		10B7EE6E1BFAB95000F1EA9F /* Frameworks */ = {
			isa = PBXFrameworksBuildPhase;
			buildActionMask = 2147483647;
			files = (
			);
			runOnlyForDeploymentPostprocessing = 0;
		};
		10B7EE791BFAB95000F1EA9F /* Frameworks */ = {
			isa = PBXFrameworksBuildPhase;
			buildActionMask = 2147483647;
			files = (
			);
			runOnlyForDeploymentPostprocessing = 0;
		};
/* End PBXFrameworksBuildPhase section */

/* Begin PBXGroup section */
		10B7EE4F1BFAB95000F1EA9F = {
			isa = PBXGroup;
			children = (
				10B7EE8E1BFAB96D00F1EA9F /* CoreData.framework */,
				10B7EE5A1BFAB95000F1EA9F /* CoreData */,
				10B7EE741BFAB95000F1EA9F /* CoreDataTests */,
				10B7EE7F1BFAB95000F1EA9F /* CoreDataUITests */,
				10B7EE591BFAB95000F1EA9F /* Products */,
			);
			sourceTree = "<group>";
		};
		10B7EE591BFAB95000F1EA9F /* Products */ = {
			isa = PBXGroup;
			children = (
				10B7EE581BFAB95000F1EA9F /* CoreData.app */,
				10B7EE711BFAB95000F1EA9F /* CoreDataTests.xctest */,
				10B7EE7C1BFAB95000F1EA9F /* CoreDataUITests.xctest */,
			);
			name = Products;
			sourceTree = "<group>";
		};
		10B7EE5A1BFAB95000F1EA9F /* CoreData */ = {
			isa = PBXGroup;
			children = (
				10B7EE5E1BFAB95000F1EA9F /* AppDelegate.h */,
				10B7EE5F1BFAB95000F1EA9F /* AppDelegate.m */,
				10B7EE611BFAB95000F1EA9F /* ViewController.h */,
				10B7EE621BFAB95000F1EA9F /* ViewController.m */,
				10B7EE931BFABC6700F1EA9F /* Person+CoreDataProperties.h */,
				10B7EE941BFABC6700F1EA9F /* Person+CoreDataProperties.m */,
				10B7EE951BFABC6700F1EA9F /* Person.h */,
				10B7EE961BFABC6700F1EA9F /* Person.m */,
				10B7EE901BFAB99000F1EA9F /* Person.xcdatamodeld */,
				10B7EE641BFAB95000F1EA9F /* Main.storyboard */,
				10B7EE671BFAB95000F1EA9F /* Assets.xcassets */,
				10B7EE691BFAB95000F1EA9F /* LaunchScreen.storyboard */,
				10B7EE6C1BFAB95000F1EA9F /* Info.plist */,
				10B7EE5B1BFAB95000F1EA9F /* Supporting Files */,
			);
			path = CoreData;
			sourceTree = "<group>";
		};
		10B7EE5B1BFAB95000F1EA9F /* Supporting Files */ = {
			isa = PBXGroup;
			children = (
				10B7EE5C1BFAB95000F1EA9F /* main.m */,
			);
			name = "Supporting Files";
			sourceTree = "<group>";
		};
		10B7EE741BFAB95000F1EA9F /* CoreDataTests */ = {
			isa = PBXGroup;
			children = (
				10B7EE751BFAB95000F1EA9F /* CoreDataTests.m */,
				10B7EE771BFAB95000F1EA9F /* Info.plist */,
			);
			path = CoreDataTests;
			sourceTree = "<group>";
		};
		10B7EE7F1BFAB95000F1EA9F /* CoreDataUITests */ = {
			isa = PBXGroup;
			children = (
				10B7EE801BFAB95000F1EA9F /* CoreDataUITests.m */,
				10B7EE821BFAB95000F1EA9F /* Info.plist */,
			);
			path = CoreDataUITests;
			sourceTree = "<group>";
		};
/* End PBXGroup section */

/* Begin PBXNativeTarget section */
		10B7EE571BFAB95000F1EA9F /* CoreData */ = {
			isa = PBXNativeTarget;
			buildConfigurationList = 10B7EE851BFAB95000F1EA9F /* Build configuration list for PBXNativeTarget "CoreData" */;
			buildPhases = (
				10B7EE541BFAB95000F1EA9F /* Sources */,
				10B7EE551BFAB95000F1EA9F /* Frameworks */,
				10B7EE561BFAB95000F1EA9F /* Resources */,
			);
			buildRules = (
			);
			dependencies = (
			);
			name = CoreData;
			productName = CoreData;
			productReference = 10B7EE581BFAB95000F1EA9F /* CoreData.app */;
			productType = "com.apple.product-type.application";
		};
		10B7EE701BFAB95000F1EA9F /* CoreDataTests */ = {
			isa = PBXNativeTarget;
			buildConfigurationList = 10B7EE881BFAB95000F1EA9F /* Build configuration list for PBXNativeTarget "CoreDataTests" */;
			buildPhases = (
				10B7EE6D1BFAB95000F1EA9F /* Sources */,
				10B7EE6E1BFAB95000F1EA9F /* Frameworks */,
				10B7EE6F1BFAB95000F1EA9F /* Resources */,
			);
			buildRules = (
			);
			dependencies = (
				10B7EE731BFAB95000F1EA9F /* PBXTargetDependency */,
			);
			name = CoreDataTests;
			productName = CoreDataTests;
			productReference = 10B7EE711BFAB95000F1EA9F /* CoreDataTests.xctest */;
			productType = "com.apple.product-type.bundle.unit-test";
		};
		10B7EE7B1BFAB95000F1EA9F /* CoreDataUITests */ = {
			isa = PBXNativeTarget;
			buildConfigurationList = 10B7EE8B1BFAB95000F1EA9F /* Build configuration list for PBXNativeTarget "CoreDataUITests" */;
			buildPhases = (
				10B7EE781BFAB95000F1EA9F /* Sources */,
				10B7EE791BFAB95000F1EA9F /* Frameworks */,
				10B7EE7A1BFAB95000F1EA9F /* Resources */,
			);
			buildRules = (
			);
			dependencies = (
				10B7EE7E1BFAB95000F1EA9F /* PBXTargetDependency */,
			);
			name = CoreDataUITests;
			productName = CoreDataUITests;
			productReference = 10B7EE7C1BFAB95000F1EA9F /* CoreDataUITests.xctest */;
			productType = "com.apple.product-type.bundle.ui-testing";
		};
/* End PBXNativeTarget section */

/* Begin PBXProject section */
		10B7EE501BFAB95000F1EA9F /* Project object */ = {
			isa = PBXProject;
			attributes = {
				LastUpgradeCheck = 0710;
				ORGANIZATIONNAME = zhuming;
				TargetAttributes = {
					10B7EE571BFAB95000F1EA9F = {
						CreatedOnToolsVersion = 7.1.1;
					};
					10B7EE701BFAB95000F1EA9F = {
						CreatedOnToolsVersion = 7.1.1;
						TestTargetID = 10B7EE571BFAB95000F1EA9F;
					};
					10B7EE7B1BFAB95000F1EA9F = {
						CreatedOnToolsVersion = 7.1.1;
						TestTargetID = 10B7EE571BFAB95000F1EA9F;
					};
				};
			};
			buildConfigurationList = 10B7EE531BFAB95000F1EA9F /* Build configuration list for PBXProject "CoreData" */;
			compatibilityVersion = "Xcode 3.2";
			developmentRegion = English;
			hasScannedForEncodings = 0;
			knownRegions = (
				en,
				Base,
			);
			mainGroup = 10B7EE4F1BFAB95000F1EA9F;
			productRefGroup = 10B7EE591BFAB95000F1EA9F /* Products */;
			projectDirPath = "";
			projectRoot = "";
			targets = (
				10B7EE571BFAB95000F1EA9F /* CoreData */,
				10B7EE701BFAB95000F1EA9F /* CoreDataTests */,
				10B7EE7B1BFAB95000F1EA9F /* CoreDataUITests */,
			);
		};
/* End PBXProject section */

/* Begin PBXResourcesBuildPhase section */
		10B7EE561BFAB95000F1EA9F /* Resources */ = {
			isa = PBXResourcesBuildPhase;
			buildActionMask = 2147483647;
			files = (
				10B7EE6B1BFAB95000F1EA9F /* LaunchScreen.storyboard in Resources */,
				10B7EE681BFAB95000F1EA9F /* Assets.xcassets in Resources */,
				10B7EE661BFAB95000F1EA9F /* Main.storyboard in Resources */,
			);
			runOnlyForDeploymentPostprocessing = 0;
		};
		10B7EE6F1BFAB95000F1EA9F /* Resources */ = {
			isa = PBXResourcesBuildPhase;
			buildActionMask = 2147483647;
			files = (
			);
			runOnlyForDeploymentPostprocessing = 0;
		};
		10B7EE7A1BFAB95000F1EA9F /* Resources */ = {
			isa = PBXResourcesBuildPhase;
			buildActionMask = 2147483647;
			files = (
			);
			runOnlyForDeploymentPostprocessing = 0;
		};
/* End PBXResourcesBuildPhase section */

/* Begin PBXSourcesBuildPhase section */
		10B7EE541BFAB95000F1EA9F /* Sources */ = {
			isa = PBXSourcesBuildPhase;
			buildActionMask = 2147483647;
			files = (
				10B7EE981BFABC6700F1EA9F /* Person.m in Sources */,
				10B7EE631BFAB95000F1EA9F /* ViewController.m in Sources */,
				10B7EE601BFAB95000F1EA9F /* AppDelegate.m in Sources */,
				10B7EE921BFAB99000F1EA9F /* Person.xcdatamodeld in Sources */,
				10B7EE971BFABC6700F1EA9F /* Person+CoreDataProperties.m in Sources */,
				10B7EE5D1BFAB95000F1EA9F /* main.m in Sources */,
			);
			runOnlyForDeploymentPostprocessing = 0;
		};
		10B7EE6D1BFAB95000F1EA9F /* Sources */ = {
			isa = PBXSourcesBuildPhase;
			buildActionMask = 2147483647;
			files = (
				10B7EE761BFAB95000F1EA9F /* CoreDataTests.m in Sources */,
			);
			runOnlyForDeploymentPostprocessing = 0;
		};
		10B7EE781BFAB95000F1EA9F /* Sources */ = {
			isa = PBXSourcesBuildPhase;
			buildActionMask = 2147483647;
			files = (
				10B7EE811BFAB95000F1EA9F /* CoreDataUITests.m in Sources */,
			);
			runOnlyForDeploymentPostprocessing = 0;
		};
/* End PBXSourcesBuildPhase section */

/* Begin PBXTargetDependency section */
		10B7EE731BFAB95000F1EA9F /* PBXTargetDependency */ = {
			isa = PBXTargetDependency;
			target = 10B7EE571BFAB95000F1EA9F /* CoreData */;
			targetProxy = 10B7EE721BFAB95000F1EA9F /* PBXContainerItemProxy */;
		};
		10B7EE7E1BFAB95000F1EA9F /* PBXTargetDependency */ = {
			isa = PBXTargetDependency;
			target = 10B7EE571BFAB95000F1EA9F /* CoreData */;
			targetProxy = 10B7EE7D1BFAB95000F1EA9F /* PBXContainerItemProxy */;
		};
/* End PBXTargetDependency section */

/* Begin PBXVariantGroup section */
		10B7EE641BFAB95000F1EA9F /* Main.storyboard */ = {
			isa = PBXVariantGroup;
			children = (
				10B7EE651BFAB95000F1EA9F /* Base */,
			);
			name = Main.storyboard;
			sourceTree = "<group>";
		};
		10B7EE691BFAB95000F1EA9F /* LaunchScreen.storyboard */ = {
			isa = PBXVariantGroup;
			children = (
				10B7EE6A1BFAB95000F1EA9F /* Base */,
			);
			name = LaunchScreen.storyboard;
			sourceTree = "<group>";
		};
/* End PBXVariantGroup section */

/* Begin XCBuildConfiguration section */
		10B7EE831BFAB95000F1EA9F /* Debug */ = {
			isa = XCBuildConfiguration;
			buildSettings = {
				ALWAYS_SEARCH_USER_PATHS = NO;
				CLANG_CXX_LANGUAGE_STANDARD = "gnu++0x";
				CLANG_CXX_LIBRARY = "libc++";
				CLANG_ENABLE_MODULES = YES;
				CLANG_ENABLE_OBJC_ARC = YES;
				CLANG_WARN_BOOL_CONVERSION = YES;
				CLANG_WARN_CONSTANT_CONVERSION = YES;
				CLANG_WARN_DIRECT_OBJC_ISA_USAGE = YES_ERROR;
				CLANG_WARN_EMPTY_BODY = YES;
				CLANG_WARN_ENUM_CONVERSION = YES;
				CLANG_WARN_INT_CONVERSION = YES;
				CLANG_WARN_OBJC_ROOT_CLASS = YES_ERROR;
				CLANG_WARN_UNREACHABLE_CODE = YES;
				CLANG_WARN__DUPLICATE_METHOD_MATCH = YES;
				"CODE_SIGN_IDENTITY[sdk=iphoneos*]" = "iPhone Developer";
				COPY_PHASE_STRIP = NO;
				DEBUG_INFORMATION_FORMAT = dwarf;
				ENABLE_STRICT_OBJC_MSGSEND = YES;
				ENABLE_TESTABILITY = YES;
				GCC_C_LANGUAGE_STANDARD = gnu99;
				GCC_DYNAMIC_NO_PIC = NO;
				GCC_NO_COMMON_BLOCKS = YES;
				GCC_OPTIMIZATION_LEVEL = 0;
				GCC_PREPROCESSOR_DEFINITIONS = (
					"DEBUG=1",
					"$(inherited)",
				);
				GCC_WARN_64_TO_32_BIT_CONVERSION = YES;
				GCC_WARN_ABOUT_RETURN_TYPE = YES_ERROR;
				GCC_WARN_UNDECLARED_SELECTOR = YES;
				GCC_WARN_UNINITIALIZED_AUTOS = YES_AGGRESSIVE;
				GCC_WARN_UNUSED_FUNCTION = YES;
				GCC_WARN_UNUSED_VARIABLE = YES;
				IPHONEOS_DEPLOYMENT_TARGET = 8.1;
				MTL_ENABLE_DEBUG_INFO = YES;
				ONLY_ACTIVE_ARCH = YES;
				SDKROOT = iphoneos;
			};
			name = Debug;
		};
		10B7EE841BFAB95000F1EA9F /* Release */ = {
			isa = XCBuildConfiguration;
			buildSettings = {
				ALWAYS_SEARCH_USER_PATHS = NO;
				CLANG_CXX_LANGUAGE_STANDARD = "gnu++0x";
				CLANG_CXX_LIBRARY = "libc++";
				CLANG_ENABLE_MODULES = YES;
				CLANG_ENABLE_OBJC_ARC = YES;
				CLANG_WARN_BOOL_CONVERSION = YES;
				CLANG_WARN_CONSTANT_CONVERSION = YES;
				CLANG_WARN_DIRECT_OBJC_ISA_USAGE = YES_ERROR;
				CLANG_WARN_EMPTY_BODY = YES;
				CLANG_WARN_ENUM_CONVERSION = YES;
				CLANG_WARN_INT_CONVERSION = YES;
				CLANG_WARN_OBJC_ROOT_CLASS = YES_ERROR;
				CLANG_WARN_UNREACHABLE_CODE = YES;
				CLANG_WARN__DUPLICATE_METHOD_MATCH = YES;
				"CODE_SIGN_IDENTITY[sdk=iphoneos*]" = "iPhone Developer";
				COPY_PHASE_STRIP = NO;
				DEBUG_INFORMATION_FORMAT = "dwarf-with-dsym";
				ENABLE_NS_ASSERTIONS = NO;
				ENABLE_STRICT_OBJC_MSGSEND = YES;
				GCC_C_LANGUAGE_STANDARD = gnu99;
				GCC_NO_COMMON_BLOCKS = YES;
				GCC_WARN_64_TO_32_BIT_CONVERSION = YES;
				GCC_WARN_ABOUT_RETURN_TYPE = YES_ERROR;
				GCC_WARN_UNDECLARED_SELECTOR = YES;
				GCC_WARN_UNINITIALIZED_AUTOS = YES_AGGRESSIVE;
				GCC_WARN_UNUSED_FUNCTION = YES;
				GCC_WARN_UNUSED_VARIABLE = YES;
				IPHONEOS_DEPLOYMENT_TARGET = 8.1;
				MTL_ENABLE_DEBUG_INFO = NO;
				SDKROOT = iphoneos;
				VALIDATE_PRODUCT = YES;
			};
			name = Release;
		};
		10B7EE861BFAB95000F1EA9F /* Debug */ = {
			isa = XCBuildConfiguration;
			buildSettings = {
				ASSETCATALOG_COMPILER_APPICON_NAME = AppIcon;
				INFOPLIST_FILE = CoreData/Info.plist;
				LD_RUNPATH_SEARCH_PATHS = "$(inherited) @executable_path/Frameworks";
				PRODUCT_BUNDLE_IDENTIFIER = zhuming.CoreData;
				PRODUCT_NAME = "$(TARGET_NAME)";
			};
			name = Debug;
		};
		10B7EE871BFAB95000F1EA9F /* Release */ = {
			isa = XCBuildConfiguration;
			buildSettings = {
				ASSETCATALOG_COMPILER_APPICON_NAME = AppIcon;
				INFOPLIST_FILE = CoreData/Info.plist;
				LD_RUNPATH_SEARCH_PATHS = "$(inherited) @executable_path/Frameworks";
				PRODUCT_BUNDLE_IDENTIFIER = zhuming.CoreData;
				PRODUCT_NAME = "$(TARGET_NAME)";
			};
			name = Release;
		};
		10B7EE891BFAB95000F1EA9F /* Debug */ = {
			isa = XCBuildConfiguration;
			buildSettings = {
				BUNDLE_LOADER = "$(TEST_HOST)";
				INFOPLIST_FILE = CoreDataTests/Info.plist;
				LD_RUNPATH_SEARCH_PATHS = "$(inherited) @executable_path/Frameworks @loader_path/Frameworks";
				PRODUCT_BUNDLE_IDENTIFIER = zhuming.CoreDataTests;
				PRODUCT_NAME = "$(TARGET_NAME)";
				TEST_HOST = "$(BUILT_PRODUCTS_DIR)/CoreData.app/CoreData";
			};
			name = Debug;
		};
		10B7EE8A1BFAB95000F1EA9F /* Release */ = {
			isa = XCBuildConfiguration;
			buildSettings = {
				BUNDLE_LOADER = "$(TEST_HOST)";
				INFOPLIST_FILE = CoreDataTests/Info.plist;
				LD_RUNPATH_SEARCH_PATHS = "$(inherited) @executable_path/Frameworks @loader_path/Frameworks";
				PRODUCT_BUNDLE_IDENTIFIER = zhuming.CoreDataTests;
				PRODUCT_NAME = "$(TARGET_NAME)";
				TEST_HOST = "$(BUILT_PRODUCTS_DIR)/CoreData.app/CoreData";
			};
			name = Release;
		};
		10B7EE8C1BFAB95000F1EA9F /* Debug */ = {
			isa = XCBuildConfiguration;
			buildSettings = {
				INFOPLIST_FILE = CoreDataUITests/Info.plist;
				LD_RUNPATH_SEARCH_PATHS = "$(inherited) @executable_path/Frameworks @loader_path/Frameworks";
				PRODUCT_BUNDLE_IDENTIFIER = zhuming.CoreDataUITests;
				PRODUCT_NAME = "$(TARGET_NAME)";
				TEST_TARGET_NAME = CoreData;
				USES_XCTRUNNER = YES;
			};
			name = Debug;
		};
		10B7EE8D1BFAB95000F1EA9F /* Release */ = {
			isa = XCBuildConfiguration;
			buildSettings = {
				INFOPLIST_FILE = CoreDataUITests/Info.plist;
				LD_RUNPATH_SEARCH_PATHS = "$(inherited) @executable_path/Frameworks @loader_path/Frameworks";
				PRODUCT_BUNDLE_IDENTIFIER = zhuming.CoreDataUITests;
				PRODUCT_NAME = "$(TARGET_NAME)";
				TEST_TARGET_NAME = CoreData;
				USES_XCTRUNNER = YES;
			};
			name = Release;
		};
/* End XCBuildConfiguration section */

/* Begin XCConfigurationList section */
		10B7EE531BFAB95000F1EA9F /* Build configuration list for PBXProject "CoreData" */ = {
			isa = XCConfigurationList;
			buildConfigurations = (
				10B7EE831BFAB95000F1EA9F /* Debug */,
				10B7EE841BFAB95000F1EA9F /* Release */,
			);
			defaultConfigurationIsVisible = 0;
			defaultConfigurationName = Release;
		};
		10B7EE851BFAB95000F1EA9F /* Build configuration list for PBXNativeTarget "CoreData" */ = {
			isa = XCConfigurationList;
			buildConfigurations = (
				10B7EE861BFAB95000F1EA9F /* Debug */,
				10B7EE871BFAB95000F1EA9F /* Release */,
			);
			defaultConfigurationIsVisible = 0;
			defaultConfigurationName = Release;
		};
		10B7EE881BFAB95000F1EA9F /* Build configuration list for PBXNativeTarget "CoreDataTests" */ = {
			isa = XCConfigurationList;
			buildConfigurations = (
				10B7EE891BFAB95000F1EA9F /* Debug */,
				10B7EE8A1BFAB95000F1EA9F /* Release */,
			);
			defaultConfigurationIsVisible = 0;
			defaultConfigurationName = Release;
		};
		10B7EE8B1BFAB95000F1EA9F /* Build configuration list for PBXNativeTarget "CoreDataUITests" */ = {
			isa = XCConfigurationList;
			buildConfigurations = (
				10B7EE8C1BFAB95000F1EA9F /* Debug */,
				10B7EE8D1BFAB95000F1EA9F /* Release */,
			);
			defaultConfigurationIsVisible = 0;
			defaultConfigurationName = Release;
		};
/* End XCConfigurationList section */

/* Begin XCVersionGroup section */
		10B7EE901BFAB99000F1EA9F /* Person.xcdatamodeld */ = {
			isa = XCVersionGroup;
			children = (
				10B7EE911BFAB99000F1EA9F /* Person.xcdatamodel */,
			);
			currentVersion = 10B7EE911BFAB99000F1EA9F /* Person.xcdatamodel */;
			path = Person.xcdatamodeld;
			sourceTree = "<group>";
			versionGroupType = wrapper.xcdatamodel;
		};
/* End XCVersionGroup section */
	};
	rootObject = 10B7EE501BFAB95000F1EA9F /* Project object */;
}
